{
  "name": "Open Data Project",
  "lockfileVersion": 2,
  "requires": true,
  "packages": {
    "": {
      "dependencies": {
        "jquery-csv": "^1.0.21",
        "swiss-maps": "^4.1.0"
      }
    },
    "node_modules/jquery-csv": {
      "version": "1.0.21",
      "resolved": "https://registry.npmjs.org/jquery-csv/-/jquery-csv-1.0.21.tgz",
      "integrity": "sha512-uDIFsJcC4xZEofK9pk3hwFQlyqf3FFwkQq6JIa882lf0pu/S0H4LqjCAEaULGM0uOcdCbGbMBh3b3LmPtF1a9A=="
    },
    "node_modules/swiss-maps": {
      "version": "4.1.0",
      "resolved": "https://registry.npmjs.org/swiss-maps/-/swiss-maps-4.1.0.tgz",
      "integrity": "sha512-FQUkHSFARWk+7Npq8AzNt4VHYjKuF5zhXrfW0Olo7P0u6vm5fMLsEgc53mwROGxDy+enb2anXDFzTIoJmIAqJQ=="
    }
  },
  "dependencies": {
    "jquery-csv": {
      "version": "1.0.21",
      "resolved": "https://registry.npmjs.org/jquery-csv/-/jquery-csv-1.0.21.tgz",
      "integrity": "sha512-uDIFsJcC4xZEofK9pk3hwFQlyqf3FFwkQq6JIa882lf0pu/S0H4LqjCAEaULGM0uOcdCbGbMBh3b3LmPtF1a9A=="
    },
    "swiss-maps": {
      "version": "4.1.0",
      "resolved": "https://registry.npmjs.org/swiss-maps/-/swiss-maps-4.1.0.tgz",
      "integrity": "sha512-FQUkHSFARWk+7Npq8AzNt4VHYjKuF5zhXrfW0Olo7P0u6vm5fMLsEgc53mwROGxDy+enb2anXDFzTIoJmIAqJQ=="
    }
  }
}
